
Microsoft Visual Studio Solution File, Format Version 12.00
# Visual Studio Version 16
VisualStudioVersion = 16.0.31005.135
MinimumVisualStudioVersion = 10.0.40219.1
Project("{888888A0-9F3D-457C-B088-3A5042F75D52}") = "syscall_log", "syscall_log\syscall_log.pyproj", "{E3933F7E-1044-4026-A723-B35F216621CC}"
EndProject
Global
	GlobalSection(SolutionConfigurationPlatforms) = preSolution
		Debug|Any CPU = Debug|Any CPU
		Release|Any CPU = Release|Any CPU
	EndGlobalSection
	GlobalSection(ProjectConfigurationPlatforms) = postSolution
		{E3933F7E-1044-4026-A723-B35F216621CC}.Debug|Any CPU.ActiveCfg = Debug|Any CPU
		{E3933F7E-1044-4026-A723-B35F216621CC}.Release|Any CPU.ActiveCfg = Release|Any CPU
	EndGlobalSection
	GlobalSection(SolutionProperties) = preSolution
		HideSolutionNode = FALSE
	EndGlobalSection
	GlobalSection(ExtensibilityGlobals) = postSolution
		SolutionGuid = {08C902D9-1A72-478B-AEE6-8C5F6629324D}
	EndGlobalSection
EndGlobal
